
Microsoft Visual Studio Solution File, Format Version 12.00
# Visual Studio 15
VisualStudioVersion = 15.0.27428.2037
MinimumVisualStudioVersion = 10.0.40219.1
Project("{FAE04EC0-301F-11D3-BF4B-00C04F79EFBC}") = "CRAMWeb", "CRAMWeb\CRAMWeb.csproj", "{EA64ECDD-54BF-4E18-AC3E-FCC9531CE0E0}"
EndProject
Global
	GlobalSection(SolutionConfigurationPlatforms) = preSolution
		Debug|Any CPU = Debug|Any CPU
		Release|Any CPU = Release|Any CPU
	EndGlobalSection
	GlobalSection(ProjectConfigurationPlatforms) = postSolution
		{EA64ECDD-54BF-4E18-AC3E-FCC9531CE0E0}.Debug|Any CPU.ActiveCfg = Debug|Any CPU
		{EA64ECDD-54BF-4E18-AC3E-FCC9531CE0E0}.Debug|Any CPU.Build.0 = Debug|Any CPU
		{EA64ECDD-54BF-4E18-AC3E-FCC9531CE0E0}.Release|Any CPU.ActiveCfg = Release|Any CPU
		{EA64ECDD-54BF-4E18-AC3E-FCC9531CE0E0}.Release|Any CPU.Build.0 = Release|Any CPU
	EndGlobalSection
	GlobalSection(SolutionProperties) = preSolution
		HideSolutionNode = FALSE
	EndGlobalSection
	GlobalSection(ExtensibilityGlobals) = postSolution
		SolutionGuid = {9E804CAC-BBA8-41F3-AD53-86D908FE14B2}
	EndGlobalSection
EndGlobal
